
Microsoft Visual Studio Solution File, Format Version 12.00
# Visual Studio Version 17
VisualStudioVersion = 17.3.32929.385
MinimumVisualStudioVersion = 10.0.40219.1
Project("{FAE04EC0-301F-11D3-BF4B-00C04F79EFBC}") = "IntegrationSample", "IntegrationSample\IntegrationSample.csproj", "{5287EB73-CF6A-4D69-B7A9-54847C709199}"
EndProject
Global
	GlobalSection(SolutionConfigurationPlatforms) = preSolution
		Debug|Any CPU = Debug|Any CPU
		Release|Any CPU = Release|Any CPU
	EndGlobalSection
	GlobalSection(ProjectConfigurationPlatforms) = postSolution
		{5287EB73-CF6A-4D69-B7A9-54847C709199}.Debug|Any CPU.ActiveCfg = Debug|Any CPU
		{5287EB73-CF6A-4D69-B7A9-54847C709199}.Debug|Any CPU.Build.0 = Debug|Any CPU
		{5287EB73-CF6A-4D69-B7A9-54847C709199}.Release|Any CPU.ActiveCfg = Release|Any CPU
		{5287EB73-CF6A-4D69-B7A9-54847C709199}.Release|Any CPU.Build.0 = Release|Any CPU
	EndGlobalSection
	GlobalSection(SolutionProperties) = preSolution
		HideSolutionNode = FALSE
	EndGlobalSection
	GlobalSection(ExtensibilityGlobals) = postSolution
		SolutionGuid = {E22E9FAC-0C3F-47BF-BE16-DC749F286B8C}
	EndGlobalSection
EndGlobal
